
Microsoft Visual Studio Solution File, Format Version 12.00
# Visual Studio Version 17
VisualStudioVersion = 17.5.33424.131
MinimumVisualStudioVersion = 10.0.40219.1
Project("{FAE04EC0-301F-11D3-BF4B-00C04F79EFBC}") = "is_kino_admin", "is_kino_admin\is_kino_admin.csproj", "{FA6DD897-CC2C-4BBA-B3C0-AA3C1ECF2529}"
EndProject
Global
	GlobalSection(SolutionConfigurationPlatforms) = preSolution
		Debug|Any CPU = Debug|Any CPU
		Release|Any CPU = Release|Any CPU
	EndGlobalSection
	GlobalSection(ProjectConfigurationPlatforms) = postSolution
		{FA6DD897-CC2C-4BBA-B3C0-AA3C1ECF2529}.Debug|Any CPU.ActiveCfg = Debug|Any CPU
		{FA6DD897-CC2C-4BBA-B3C0-AA3C1ECF2529}.Debug|Any CPU.Build.0 = Debug|Any CPU
		{FA6DD897-CC2C-4BBA-B3C0-AA3C1ECF2529}.Release|Any CPU.ActiveCfg = Release|Any CPU
		{FA6DD897-CC2C-4BBA-B3C0-AA3C1ECF2529}.Release|Any CPU.Build.0 = Release|Any CPU
	EndGlobalSection
	GlobalSection(SolutionProperties) = preSolution
		HideSolutionNode = FALSE
	EndGlobalSection
	GlobalSection(ExtensibilityGlobals) = postSolution
		SolutionGuid = {7027CA8D-3489-413A-B79E-17AABDF85518}
	EndGlobalSection
EndGlobal
